
Microsoft Visual Studio Solution File, Format Version 12.00
# Visual Studio 2012
Project("{FAE04EC0-301F-11D3-BF4B-00C04F79EFBC}") = "VSAzureWebapp", "VSAzureWebapp\VSAzureWebapp.csproj", "{2B500C15-87E6-4E09-8480-9A539D018020}"
EndProject
Global
	GlobalSection(SolutionConfigurationPlatforms) = preSolution
		Debug|Any CPU = Debug|Any CPU
		Release|Any CPU = Release|Any CPU
	EndGlobalSection
	GlobalSection(ProjectConfigurationPlatforms) = postSolution
		{2B500C15-87E6-4E09-8480-9A539D018020}.Debug|Any CPU.ActiveCfg = Debug|Any CPU
		{2B500C15-87E6-4E09-8480-9A539D018020}.Debug|Any CPU.Build.0 = Debug|Any CPU
		{2B500C15-87E6-4E09-8480-9A539D018020}.Release|Any CPU.ActiveCfg = Release|Any CPU
		{2B500C15-87E6-4E09-8480-9A539D018020}.Release|Any CPU.Build.0 = Release|Any CPU
	EndGlobalSection
EndGlobal
